
Microsoft Visual Studio Solution File, Format Version 12.00
# Visual Studio 15
VisualStudioVersion = 15.0.28010.2036
MinimumVisualStudioVersion = 10.0.40219.1
Project("{FAE04EC0-301F-11D3-BF4B-00C04F79EFBC}") = "HTTP_Server", "HTTP_Server\HTTP_Server.csproj", "{71D3D64F-A494-4489-8BB7-7EE2A2210C0C}"
EndProject
Global
	GlobalSection(SolutionConfigurationPlatforms) = preSolution
		Debug|Any CPU = Debug|Any CPU
		Release|Any CPU = Release|Any CPU
	EndGlobalSection
	GlobalSection(ProjectConfigurationPlatforms) = postSolution
		{71D3D64F-A494-4489-8BB7-7EE2A2210C0C}.Debug|Any CPU.ActiveCfg = Debug|Any CPU
		{71D3D64F-A494-4489-8BB7-7EE2A2210C0C}.Debug|Any CPU.Build.0 = Debug|Any CPU
		{71D3D64F-A494-4489-8BB7-7EE2A2210C0C}.Release|Any CPU.ActiveCfg = Release|Any CPU
		{71D3D64F-A494-4489-8BB7-7EE2A2210C0C}.Release|Any CPU.Build.0 = Release|Any CPU
	EndGlobalSection
	GlobalSection(SolutionProperties) = preSolution
		HideSolutionNode = FALSE
	EndGlobalSection
	GlobalSection(ExtensibilityGlobals) = postSolution
		SolutionGuid = {793C7D33-76F2-403C-8832-F18ED7FCB76C}
	EndGlobalSection
EndGlobal
